
Microsoft Visual Studio Solution File, Format Version 12.00
# Visual Studio Version 17
VisualStudioVersion = 17.13.35828.75 d17.13
MinimumVisualStudioVersion = 10.0.40219.1
Project("{FAE04EC0-301F-11D3-BF4B-00C04F79EFBC}") = "MGPong2", "MGPong2.csproj", "{BF492486-EE6E-3D04-860E-3E8CF3BAC1AE}"
EndProject
Global
	GlobalSection(SolutionConfigurationPlatforms) = preSolution
		Debug|Any CPU = Debug|Any CPU
		Release|Any CPU = Release|Any CPU
	EndGlobalSection
	GlobalSection(ProjectConfigurationPlatforms) = postSolution
		{BF492486-EE6E-3D04-860E-3E8CF3BAC1AE}.Debug|Any CPU.ActiveCfg = Debug|Any CPU
		{BF492486-EE6E-3D04-860E-3E8CF3BAC1AE}.Debug|Any CPU.Build.0 = Debug|Any CPU
		{BF492486-EE6E-3D04-860E-3E8CF3BAC1AE}.Release|Any CPU.ActiveCfg = Release|Any CPU
		{BF492486-EE6E-3D04-860E-3E8CF3BAC1AE}.Release|Any CPU.Build.0 = Release|Any CPU
	EndGlobalSection
	GlobalSection(SolutionProperties) = preSolution
		HideSolutionNode = FALSE
	EndGlobalSection
	GlobalSection(ExtensibilityGlobals) = postSolution
		SolutionGuid = {1DF5B242-30D4-41E9-9B14-17C3BD61CE3D}
	EndGlobalSection
EndGlobal
